
Microsoft Visual Studio Solution File, Format Version 12.00
# Visual Studio Version 17
VisualStudioVersion = 17.0.32112.339
MinimumVisualStudioVersion = 10.0.40219.1
Project("{9A19103F-16F7-4668-BE54-9A1E7A4F7556}") = "ALBuild", "ALBUILD\ALBuild.csproj", "{AA01062D-A8E9-44F1-97C4-65689B11946C}"
EndProject
Project("{9A19103F-16F7-4668-BE54-9A1E7A4F7556}") = "TranslationTools", "TranslationTools\TranslationTools.csproj", "{B9D17DBE-35D1-4A23-BCDD-B6C53867FC0C}"
EndProject
Project("{9A19103F-16F7-4668-BE54-9A1E7A4F7556}") = "BCTranslateApp", "BCTranslateApp\BCTranslateApp.csproj", "{F1E21E1C-BDF8-43C7-AD03-C3F8E732BD2B}"
EndProject
Project("{9A19103F-16F7-4668-BE54-9A1E7A4F7556}") = "TranslateAdmin", "TranslateAdmin\TranslateAdmin.csproj", "{5D737A48-E222-4B96-8EC0-87A93BC00301}"
EndProject
Global
	GlobalSection(SolutionConfigurationPlatforms) = preSolution
		Debug|Any CPU = Debug|Any CPU
		Release|Any CPU = Release|Any CPU
	EndGlobalSection
	GlobalSection(ProjectConfigurationPlatforms) = postSolution
		{AA01062D-A8E9-44F1-97C4-65689B11946C}.Debug|Any CPU.ActiveCfg = Debug|Any CPU
		{AA01062D-A8E9-44F1-97C4-65689B11946C}.Debug|Any CPU.Build.0 = Debug|Any CPU
		{AA01062D-A8E9-44F1-97C4-65689B11946C}.Release|Any CPU.ActiveCfg = Release|Any CPU
		{AA01062D-A8E9-44F1-97C4-65689B11946C}.Release|Any CPU.Build.0 = Release|Any CPU
		{B9D17DBE-35D1-4A23-BCDD-B6C53867FC0C}.Debug|Any CPU.ActiveCfg = Debug|Any CPU
		{B9D17DBE-35D1-4A23-BCDD-B6C53867FC0C}.Debug|Any CPU.Build.0 = Debug|Any CPU
		{B9D17DBE-35D1-4A23-BCDD-B6C53867FC0C}.Release|Any CPU.ActiveCfg = Release|Any CPU
		{B9D17DBE-35D1-4A23-BCDD-B6C53867FC0C}.Release|Any CPU.Build.0 = Release|Any CPU
		{F1E21E1C-BDF8-43C7-AD03-C3F8E732BD2B}.Debug|Any CPU.ActiveCfg = Debug|Any CPU
		{F1E21E1C-BDF8-43C7-AD03-C3F8E732BD2B}.Debug|Any CPU.Build.0 = Debug|Any CPU
		{F1E21E1C-BDF8-43C7-AD03-C3F8E732BD2B}.Release|Any CPU.ActiveCfg = Release|Any CPU
		{F1E21E1C-BDF8-43C7-AD03-C3F8E732BD2B}.Release|Any CPU.Build.0 = Release|Any CPU
		{5D737A48-E222-4B96-8EC0-87A93BC00301}.Debug|Any CPU.ActiveCfg = Debug|Any CPU
		{5D737A48-E222-4B96-8EC0-87A93BC00301}.Debug|Any CPU.Build.0 = Debug|Any CPU
		{5D737A48-E222-4B96-8EC0-87A93BC00301}.Release|Any CPU.ActiveCfg = Release|Any CPU
		{5D737A48-E222-4B96-8EC0-87A93BC00301}.Release|Any CPU.Build.0 = Release|Any CPU
	EndGlobalSection
	GlobalSection(SolutionProperties) = preSolution
		HideSolutionNode = FALSE
	EndGlobalSection
	GlobalSection(ExtensibilityGlobals) = postSolution
		SolutionGuid = {5A4008D6-98BA-4B5A-B4C3-E524D6F986E9}
	EndGlobalSection
EndGlobal
